// !$*UTF8*$!
{
	archiveVersion = 1;
	classes = {
	};
	objectVersion = 56;
	objects = {

/* Begin PBXBuildFile section */
		077C95892A651D1C007E294D /* NotificationView.swift in Sources */ = {isa = PBXBuildFile; fileRef = 077C95882A651D1C007E294D /* NotificationView.swift */; };
		1405004B2A5FE00E00B7A823 /* nodetive_collabApp.swift in Sources */ = {isa = PBXBuildFile; fileRef = 1405004A2A5FE00E00B7A823 /* nodetive_collabApp.swift */; };
		1405004D2A5FE00E00B7A823 /* ContentView.swift in Sources */ = {isa = PBXBuildFile; fileRef = 1405004C2A5FE00E00B7A823 /* ContentView.swift */; };
		1405004F2A5FE01000B7A823 /* Assets.xcassets in Resources */ = {isa = PBXBuildFile; fileRef = 1405004E2A5FE01000B7A823 /* Assets.xcassets */; };
		140500522A5FE01000B7A823 /* Preview Assets.xcassets in Resources */ = {isa = PBXBuildFile; fileRef = 140500512A5FE01000B7A823 /* Preview Assets.xcassets */; };
		1405005B2A6133E000B7A823 /* QuestionView.swift in Sources */ = {isa = PBXBuildFile; fileRef = 1405005A2A6133E000B7A823 /* QuestionView.swift */; };
		1405005D2A6148A300B7A823 /* QuestionView2.swift in Sources */ = {isa = PBXBuildFile; fileRef = 1405005C2A6148A300B7A823 /* QuestionView2.swift */; };
		140500602A6152A200B7A823 /* QuestionView3.swift in Sources */ = {isa = PBXBuildFile; fileRef = 1405005F2A6152A200B7A823 /* QuestionView3.swift */; };
		140500622A61561C00B7A823 /* QuestionView4.swift in Sources */ = {isa = PBXBuildFile; fileRef = 140500612A61561C00B7A823 /* QuestionView4.swift */; };
		140500642A6157EF00B7A823 /* QuestionView5.swift in Sources */ = {isa = PBXBuildFile; fileRef = 140500632A6157EF00B7A823 /* QuestionView5.swift */; };
		1D0E84822A623C8400A7AD08 /* OverviewNoQuizView.swift in Sources */ = {isa = PBXBuildFile; fileRef = 1D0E84812A623C8400A7AD08 /* OverviewNoQuizView.swift */; };
		1D0E84862A623D6400A7AD08 /* OverviewAfterQuizView.swift in Sources */ = {isa = PBXBuildFile; fileRef = 1D0E84852A623D6400A7AD08 /* OverviewAfterQuizView.swift */; };
		285590D02A600650006D99C9 /* introPage.swift in Sources */ = {isa = PBXBuildFile; fileRef = 285590CF2A600650006D99C9 /* introPage.swift */; };
		285590D22A6006A1006D99C9 /* IntroView.swift in Sources */ = {isa = PBXBuildFile; fileRef = 285590D12A6006A1006D99C9 /* IntroView.swift */; };
		285590D42A6006BD006D99C9 /* Pageview.swift in Sources */ = {isa = PBXBuildFile; fileRef = 285590D32A6006BD006D99C9 /* Pageview.swift */; };
		285590E82A651569006D99C9 /* QuestionResult1.swift in Sources */ = {isa = PBXBuildFile; fileRef = 285590E72A651569006D99C9 /* QuestionResult1.swift */; };
		285590EA2A65157D006D99C9 /* QuestionResult2.swift in Sources */ = {isa = PBXBuildFile; fileRef = 285590E92A65157D006D99C9 /* QuestionResult2.swift */; };
		285590EC2A6515A9006D99C9 /* QuestionResult3.swift in Sources */ = {isa = PBXBuildFile; fileRef = 285590EB2A6515A9006D99C9 /* QuestionResult3.swift */; };
		285590EE2A6515BF006D99C9 /* QuestionResult4.swift in Sources */ = {isa = PBXBuildFile; fileRef = 285590ED2A6515BF006D99C9 /* QuestionResult4.swift */; };
		285590F02A6515D0006D99C9 /* QuestionResult5.swift in Sources */ = {isa = PBXBuildFile; fileRef = 285590EF2A6515D0006D99C9 /* QuestionResult5.swift */; };
		59A0F7852A6046120026527D /* OverlayView.swift in Sources */ = {isa = PBXBuildFile; fileRef = 59A0F7842A6046120026527D /* OverlayView.swift */; };
		59A0F7872A6046210026527D /* ScheduleView.swift in Sources */ = {isa = PBXBuildFile; fileRef = 59A0F7862A6046210026527D /* ScheduleView.swift */; };
		59A0F7892A60462F0026527D /* ScheduleListView.swift in Sources */ = {isa = PBXBuildFile; fileRef = 59A0F7882A60462F0026527D /* ScheduleListView.swift */; };
		59A0F78B2A60464F0026527D /* AddScheduleView.swift in Sources */ = {isa = PBXBuildFile; fileRef = 59A0F78A2A60464F0026527D /* AddScheduleView.swift */; };
		59A0F78E2A6047860026527D /* Nodetive Data.xcdatamodeld in Sources */ = {isa = PBXBuildFile; fileRef = 59A0F78C2A6047860026527D /* Nodetive Data.xcdatamodeld */; };
		59A0F7902A6048930026527D /* Schedule.swift in Sources */ = {isa = PBXBuildFile; fileRef = 59A0F78F2A6048930026527D /* Schedule.swift */; };
		59A0F7922A6048A70026527D /* Level.swift in Sources */ = {isa = PBXBuildFile; fileRef = 59A0F7912A6048A70026527D /* Level.swift */; };
		59A0F7962A6049940026527D /* Data Controller.swift in Sources */ = {isa = PBXBuildFile; fileRef = 59A0F7952A6049940026527D /* Data Controller.swift */; };
		59A0F7982A604A400026527D /* ButtonView.swift in Sources */ = {isa = PBXBuildFile; fileRef = 59A0F7972A604A400026527D /* ButtonView.swift */; };
		59A0F79A2A6050270026527D /* HomeView.swift in Sources */ = {isa = PBXBuildFile; fileRef = 59A0F7992A6050270026527D /* HomeView.swift */; };
		59A0F79E2A60509A0026527D /* ProfileView.swift in Sources */ = {isa = PBXBuildFile; fileRef = 59A0F79D2A60509A0026527D /* ProfileView.swift */; };
		59DA0CA02A6527D600FF4093 /* ContentView2.swift in Sources */ = {isa = PBXBuildFile; fileRef = 59DA0C9F2A6527D600FF4093 /* ContentView2.swift */; };
		59DA0CA22A65308F00FF4093 /* AddTodayScheduleView.swift in Sources */ = {isa = PBXBuildFile; fileRef = 59DA0CA12A65308F00FF4093 /* AddTodayScheduleView.swift */; };
		59DA0CA42A65A19600FF4093 /* ContentView3.swift in Sources */ = {isa = PBXBuildFile; fileRef = 59DA0CA32A65A19600FF4093 /* ContentView3.swift */; };
		59DA0CA72A6639FE00FF4093 /* PersistenceController.swift in Sources */ = {isa = PBXBuildFile; fileRef = 59DA0CA62A6639FE00FF4093 /* PersistenceController.swift */; };
		59DA0CA92A6645DA00FF4093 /* ListView.swift in Sources */ = {isa = PBXBuildFile; fileRef = 59DA0CA82A6645DA00FF4093 /* ListView.swift */; };
		5B31FE182A61DBB000C69A5B /* PersonalDataPage.swift in Sources */ = {isa = PBXBuildFile; fileRef = 5B31FE172A61DBB000C69A5B /* PersonalDataPage.swift */; };
		5B5EF7472A654D57009B1069 /* SignUpView.swift in Sources */ = {isa = PBXBuildFile; fileRef = 5B5EF7462A654D57009B1069 /* SignUpView.swift */; };
		5B5EF74B2A654F11009B1069 /* ButtonView2.swift in Sources */ = {isa = PBXBuildFile; fileRef = 5B5EF74A2A654F11009B1069 /* ButtonView2.swift */; };
		5B5EF74D2A6556A1009B1069 /* SignInView.swift in Sources */ = {isa = PBXBuildFile; fileRef = 5B5EF74C2A6556A1009B1069 /* SignInView.swift */; };
		5BD8B55D2A5FE8F2005E7EFD /* CalendarView.swift in Sources */ = {isa = PBXBuildFile; fileRef = 5BD8B55C2A5FE8F2005E7EFD /* CalendarView.swift */; };
/* End PBXBuildFile section */

/* Begin PBXFileReference section */
		077C95882A651D1C007E294D /* NotificationView.swift */ = {isa = PBXFileReference; lastKnownFileType = sourcecode.swift; path = NotificationView.swift; sourceTree = "<group>"; };
		140500472A5FE00E00B7A823 /* nodetive_collab.app */ = {isa = PBXFileReference; explicitFileType = wrapper.application; includeInIndex = 0; path = nodetive_collab.app; sourceTree = BUILT_PRODUCTS_DIR; };
		1405004A2A5FE00E00B7A823 /* nodetive_collabApp.swift */ = {isa = PBXFileReference; lastKnownFileType = sourcecode.swift; path = nodetive_collabApp.swift; sourceTree = "<group>"; };
		1405004C2A5FE00E00B7A823 /* ContentView.swift */ = {isa = PBXFileReference; lastKnownFileType = sourcecode.swift; path = ContentView.swift; sourceTree = "<group>"; };
		1405004E2A5FE01000B7A823 /* Assets.xcassets */ = {isa = PBXFileReference; lastKnownFileType = folder.assetcatalog; path = Assets.xcassets; sourceTree = "<group>"; };
		140500512A5FE01000B7A823 /* Preview Assets.xcassets */ = {isa = PBXFileReference; lastKnownFileType = folder.assetcatalog; path = "Preview Assets.xcassets"; sourceTree = "<group>"; };
		1405005A2A6133E000B7A823 /* QuestionView.swift */ = {isa = PBXFileReference; lastKnownFileType = sourcecode.swift; path = QuestionView.swift; sourceTree = "<group>"; };
		1405005C2A6148A300B7A823 /* QuestionView2.swift */ = {isa = PBXFileReference; lastKnownFileType = sourcecode.swift; name = QuestionView2.swift; path = QuestionView/QuestionView2.swift; sourceTree = SOURCE_ROOT; };
		1405005F2A6152A200B7A823 /* QuestionView3.swift */ = {isa = PBXFileReference; lastKnownFileType = sourcecode.swift; path = QuestionView3.swift; sourceTree = "<group>"; };
		140500612A61561C00B7A823 /* QuestionView4.swift */ = {isa = PBXFileReference; lastKnownFileType = sourcecode.swift; path = QuestionView4.swift; sourceTree = "<group>"; };
		140500632A6157EF00B7A823 /* QuestionView5.swift */ = {isa = PBXFileReference; lastKnownFileType = sourcecode.swift; path = QuestionView5.swift; sourceTree = "<group>"; };
		1D0E84812A623C8400A7AD08 /* OverviewNoQuizView.swift */ = {isa = PBXFileReference; lastKnownFileType = sourcecode.swift; path = OverviewNoQuizView.swift; sourceTree = "<group>"; };
		1D0E84852A623D6400A7AD08 /* OverviewAfterQuizView.swift */ = {isa = PBXFileReference; lastKnownFileType = sourcecode.swift; path = OverviewAfterQuizView.swift; sourceTree = "<group>"; };
		285590CF2A600650006D99C9 /* introPage.swift */ = {isa = PBXFileReference; lastKnownFileType = sourcecode.swift; path = introPage.swift; sourceTree = "<group>"; };
		285590D12A6006A1006D99C9 /* IntroView.swift */ = {isa = PBXFileReference; lastKnownFileType = sourcecode.swift; path = IntroView.swift; sourceTree = "<group>"; };
		285590D32A6006BD006D99C9 /* Pageview.swift */ = {isa = PBXFileReference; lastKnownFileType = sourcecode.swift; path = Pageview.swift; sourceTree = "<group>"; };
		285590E72A651569006D99C9 /* QuestionResult1.swift */ = {isa = PBXFileReference; lastKnownFileType = sourcecode.swift; path = QuestionResult1.swift; sourceTree = "<group>"; };
		285590E92A65157D006D99C9 /* QuestionResult2.swift */ = {isa = PBXFileReference; lastKnownFileType = sourcecode.swift; path = QuestionResult2.swift; sourceTree = "<group>"; };
		285590EB2A6515A9006D99C9 /* QuestionResult3.swift */ = {isa = PBXFileReference; lastKnownFileType = sourcecode.swift; path = QuestionResult3.swift; sourceTree = "<group>"; };
		285590ED2A6515BF006D99C9 /* QuestionResult4.swift */ = {isa = PBXFileReference; lastKnownFileType = sourcecode.swift; path = QuestionResult4.swift; sourceTree = "<group>"; };
		285590EF2A6515D0006D99C9 /* QuestionResult5.swift */ = {isa = PBXFileReference; lastKnownFileType = sourcecode.swift; path = QuestionResult5.swift; sourceTree = "<group>"; };
		59A0F7842A6046120026527D /* OverlayView.swift */ = {isa = PBXFileReference; lastKnownFileType = sourcecode.swift; path = OverlayView.swift; sourceTree = "<group>"; };
		59A0F7862A6046210026527D /* ScheduleView.swift */ = {isa = PBXFileReference; lastKnownFileType = sourcecode.swift; path = ScheduleView.swift; sourceTree = "<group>"; };
		59A0F7882A60462F0026527D /* ScheduleListView.swift */ = {isa = PBXFileReference; lastKnownFileType = sourcecode.swift; path = ScheduleListView.swift; sourceTree = "<group>"; };
		59A0F78A2A60464F0026527D /* AddScheduleView.swift */ = {isa = PBXFileReference; lastKnownFileType = sourcecode.swift; path = AddScheduleView.swift; sourceTree = "<group>"; };
		59A0F78D2A6047860026527D /* Nodetive Data.xcdatamodel */ = {isa = PBXFileReference; lastKnownFileType = wrapper.xcdatamodel; path = "Nodetive Data.xcdatamodel"; sourceTree = "<group>"; };
		59A0F78F2A6048930026527D /* Schedule.swift */ = {isa = PBXFileReference; lastKnownFileType = sourcecode.swift; path = Schedule.swift; sourceTree = "<group>"; };
		59A0F7912A6048A70026527D /* Level.swift */ = {isa = PBXFileReference; lastKnownFileType = sourcecode.swift; path = Level.swift; sourceTree = "<group>"; };
		59A0F7952A6049940026527D /* Data Controller.swift */ = {isa = PBXFileReference; lastKnownFileType = sourcecode.swift; path = "Data Controller.swift"; sourceTree = "<group>"; };
		59A0F7972A604A400026527D /* ButtonView.swift */ = {isa = PBXFileReference; lastKnownFileType = sourcecode.swift; path = ButtonView.swift; sourceTree = "<group>"; };
		59A0F7992A6050270026527D /* HomeView.swift */ = {isa = PBXFileReference; lastKnownFileType = sourcecode.swift; path = HomeView.swift; sourceTree = "<group>"; };
		59A0F79D2A60509A0026527D /* ProfileView.swift */ = {isa = PBXFileReference; lastKnownFileType = sourcecode.swift; path = ProfileView.swift; sourceTree = "<group>"; };
		59DA0C9F2A6527D600FF4093 /* ContentView2.swift */ = {isa = PBXFileReference; lastKnownFileType = sourcecode.swift; path = ContentView2.swift; sourceTree = "<group>"; };
		59DA0CA12A65308F00FF4093 /* AddTodayScheduleView.swift */ = {isa = PBXFileReference; lastKnownFileType = sourcecode.swift; path = AddTodayScheduleView.swift; sourceTree = "<group>"; };
		59DA0CA32A65A19600FF4093 /* ContentView3.swift */ = {isa = PBXFileReference; lastKnownFileType = sourcecode.swift; path = ContentView3.swift; sourceTree = "<group>"; };
		59DA0CA62A6639FE00FF4093 /* PersistenceController.swift */ = {isa = PBXFileReference; lastKnownFileType = sourcecode.swift; path = PersistenceController.swift; sourceTree = "<group>"; };
		59DA0CA82A6645DA00FF4093 /* ListView.swift */ = {isa = PBXFileReference; lastKnownFileType = sourcecode.swift; path = ListView.swift; sourceTree = "<group>"; };
		5B31FE172A61DBB000C69A5B /* PersonalDataPage.swift */ = {isa = PBXFileReference; lastKnownFileType = sourcecode.swift; path = PersonalDataPage.swift; sourceTree = "<group>"; };
		5B5EF7462A654D57009B1069 /* SignUpView.swift */ = {isa = PBXFileReference; lastKnownFileType = sourcecode.swift; path = SignUpView.swift; sourceTree = "<group>"; };
		5B5EF74A2A654F11009B1069 /* ButtonView2.swift */ = {isa = PBXFileReference; lastKnownFileType = sourcecode.swift; path = ButtonView2.swift; sourceTree = "<group>"; };
		5B5EF74C2A6556A1009B1069 /* SignInView.swift */ = {isa = PBXFileReference; lastKnownFileType = sourcecode.swift; path = SignInView.swift; sourceTree = "<group>"; };
		5BD8B55C2A5FE8F2005E7EFD /* CalendarView.swift */ = {isa = PBXFileReference; lastKnownFileType = sourcecode.swift; path = CalendarView.swift; sourceTree = "<group>"; };
/* End PBXFileReference section */

/* Begin PBXFrameworksBuildPhase section */
		140500442A5FE00E00B7A823 /* Frameworks */ = {
			isa = PBXFrameworksBuildPhase;
			buildActionMask = 2147483647;
			files = (
			);
			runOnlyForDeploymentPostprocessing = 0;
		};
/* End PBXFrameworksBuildPhase section */

/* Begin PBXGroup section */
		1405003E2A5FE00E00B7A823 = {
			isa = PBXGroup;
			children = (
				59DA0CA52A65A47100FF4093 /* Additional */,
				1405005E2A6148C900B7A823 /* QuestionView */,
				59A0F7932A6048B70026527D /* Validate Variable */,
				59A0F7832A6045DA0026527D /* Views */,
				59A0F7942A60490A0026527D /* Model Data */,
				140500492A5FE00E00B7A823 /* nodetive_collab */,
				140500482A5FE00E00B7A823 /* Products */,
			);
			sourceTree = "<group>";
		};
		140500482A5FE00E00B7A823 /* Products */ = {
			isa = PBXGroup;
			children = (
				140500472A5FE00E00B7A823 /* nodetive_collab.app */,
			);
			name = Products;
			sourceTree = "<group>";
		};
		140500492A5FE00E00B7A823 /* nodetive_collab */ = {
			isa = PBXGroup;
			children = (
				1405004A2A5FE00E00B7A823 /* nodetive_collabApp.swift */,
				1405004C2A5FE00E00B7A823 /* ContentView.swift */,
				59DA0C9F2A6527D600FF4093 /* ContentView2.swift */,
				59DA0CA32A65A19600FF4093 /* ContentView3.swift */,
				59A0F79D2A60509A0026527D /* ProfileView.swift */,
				5B31FE172A61DBB000C69A5B /* PersonalDataPage.swift */,
				59A0F7992A6050270026527D /* HomeView.swift */,
				285590D32A6006BD006D99C9 /* Pageview.swift */,
				59A0F7952A6049940026527D /* Data Controller.swift */,
				285590CF2A600650006D99C9 /* introPage.swift */,
				1405004E2A5FE01000B7A823 /* Assets.xcassets */,
				140500502A5FE01000B7A823 /* Preview Content */,
			);
			path = nodetive_collab;
			sourceTree = "<group>";
		};
		140500502A5FE01000B7A823 /* Preview Content */ = {
			isa = PBXGroup;
			children = (
				140500512A5FE01000B7A823 /* Preview Assets.xcassets */,
			);
			path = "Preview Content";
			sourceTree = "<group>";
		};
		1405005E2A6148C900B7A823 /* QuestionView */ = {
			isa = PBXGroup;
			children = (
				1405005A2A6133E000B7A823 /* QuestionView.swift */,
				1405005C2A6148A300B7A823 /* QuestionView2.swift */,
				1405005F2A6152A200B7A823 /* QuestionView3.swift */,
				140500612A61561C00B7A823 /* QuestionView4.swift */,
				140500632A6157EF00B7A823 /* QuestionView5.swift */,
				285590E72A651569006D99C9 /* QuestionResult1.swift */,
				285590E92A65157D006D99C9 /* QuestionResult2.swift */,
				285590EB2A6515A9006D99C9 /* QuestionResult3.swift */,
				285590ED2A6515BF006D99C9 /* QuestionResult4.swift */,
				285590EF2A6515D0006D99C9 /* QuestionResult5.swift */,
			);
			path = QuestionView;
			sourceTree = "<group>";
		};
		59A0F7832A6045DA0026527D /* Views */ = {
			isa = PBXGroup;
			children = (
				59A0F78A2A60464F0026527D /* AddScheduleView.swift */,
				59A0F7842A6046120026527D /* OverlayView.swift */,
				59DA0CA82A6645DA00FF4093 /* ListView.swift */,
				59DA0CA12A65308F00FF4093 /* AddTodayScheduleView.swift */,
				5BD8B55C2A5FE8F2005E7EFD /* CalendarView.swift */,
				285590D12A6006A1006D99C9 /* IntroView.swift */,
				5B5EF7462A654D57009B1069 /* SignUpView.swift */,
				5B5EF74C2A6556A1009B1069 /* SignInView.swift */,
				59A0F7862A6046210026527D /* ScheduleView.swift */,
				59A0F7882A60462F0026527D /* ScheduleListView.swift */,
				077C95882A651D1C007E294D /* NotificationView.swift */,
				1D0E84812A623C8400A7AD08 /* OverviewNoQuizView.swift */,
				1D0E84852A623D6400A7AD08 /* OverviewAfterQuizView.swift */,
			);
			path = Views;
			sourceTree = "<group>";
		};
		59A0F7932A6048B70026527D /* Validate Variable */ = {
			isa = PBXGroup;
			children = (
				59A0F7912A6048A70026527D /* Level.swift */,
				59A0F78F2A6048930026527D /* Schedule.swift */,
			);
			path = "Validate Variable";
			sourceTree = "<group>";
		};
		59A0F7942A60490A0026527D /* Model Data */ = {
			isa = PBXGroup;
			children = (
				59DA0CA62A6639FE00FF4093 /* PersistenceController.swift */,
				59A0F78C2A6047860026527D /* Nodetive Data.xcdatamodeld */,
			);
			path = "Model Data";
			sourceTree = "<group>";
		};
		59DA0CA52A65A47100FF4093 /* Additional */ = {
			isa = PBXGroup;
			children = (
				59A0F7972A604A400026527D /* ButtonView.swift */,
				5B5EF74A2A654F11009B1069 /* ButtonView2.swift */,
			);
			path = Additional;
			sourceTree = "<group>";
		};
/* End PBXGroup section */

/* Begin PBXNativeTarget section */
		140500462A5FE00E00B7A823 /* nodetive_collab */ = {
			isa = PBXNativeTarget;
			buildConfigurationList = 140500552A5FE01000B7A823 /* Build configuration list for PBXNativeTarget "nodetive_collab" */;
			buildPhases = (
				140500432A5FE00E00B7A823 /* Sources */,
				140500442A5FE00E00B7A823 /* Frameworks */,
				140500452A5FE00E00B7A823 /* Resources */,
			);
			buildRules = (
			);
			dependencies = (
			);
			name = nodetive_collab;
			productName = nodetive_collab;
			productReference = 140500472A5FE00E00B7A823 /* nodetive_collab.app */;
			productType = "com.apple.product-type.application";
		};
/* End PBXNativeTarget section */

/* Begin PBXProject section */
		1405003F2A5FE00E00B7A823 /* Project object */ = {
			isa = PBXProject;
			attributes = {
				BuildIndependentTargetsInParallel = 1;
				LastSwiftUpdateCheck = 1430;
				LastUpgradeCheck = 1430;
				TargetAttributes = {
					140500462A5FE00E00B7A823 = {
						CreatedOnToolsVersion = 14.3.1;
					};
				};
			};
			buildConfigurationList = 140500422A5FE00E00B7A823 /* Build configuration list for PBXProject "nodetive_collab" */;
			compatibilityVersion = "Xcode 14.0";
			developmentRegion = en;
			hasScannedForEncodings = 0;
			knownRegions = (
				en,
				Base,
			);
			mainGroup = 1405003E2A5FE00E00B7A823;
			productRefGroup = 140500482A5FE00E00B7A823 /* Products */;
			projectDirPath = "";
			projectRoot = "";
			targets = (
				140500462A5FE00E00B7A823 /* nodetive_collab */,
			);
		};
/* End PBXProject section */

/* Begin PBXResourcesBuildPhase section */
		140500452A5FE00E00B7A823 /* Resources */ = {
			isa = PBXResourcesBuildPhase;
			buildActionMask = 2147483647;
			files = (
				140500522A5FE01000B7A823 /* Preview Assets.xcassets in Resources */,
				1405004F2A5FE01000B7A823 /* Assets.xcassets in Resources */,
			);
			runOnlyForDeploymentPostprocessing = 0;
		};
/* End PBXResourcesBuildPhase section */

/* Begin PBXSourcesBuildPhase section */
		140500432A5FE00E00B7A823 /* Sources */ = {
			isa = PBXSourcesBuildPhase;
			buildActionMask = 2147483647;
			files = (
				59A0F7922A6048A70026527D /* Level.swift in Sources */,
				59A0F7892A60462F0026527D /* ScheduleListView.swift in Sources */,
				285590EE2A6515BF006D99C9 /* QuestionResult4.swift in Sources */,
				285590EA2A65157D006D99C9 /* QuestionResult2.swift in Sources */,
				285590F02A6515D0006D99C9 /* QuestionResult5.swift in Sources */,
				59A0F7982A604A400026527D /* ButtonView.swift in Sources */,
				59DA0CA42A65A19600FF4093 /* ContentView3.swift in Sources */,
				140500642A6157EF00B7A823 /* QuestionView5.swift in Sources */,
				1405004D2A5FE00E00B7A823 /* ContentView.swift in Sources */,
				5BD8B55D2A5FE8F2005E7EFD /* CalendarView.swift in Sources */,
				1405005B2A6133E000B7A823 /* QuestionView.swift in Sources */,
				5B5EF74B2A654F11009B1069 /* ButtonView2.swift in Sources */,
				59A0F78B2A60464F0026527D /* AddScheduleView.swift in Sources */,
				1405005D2A6148A300B7A823 /* QuestionView2.swift in Sources */,
				59DA0CA92A6645DA00FF4093 /* ListView.swift in Sources */,
				140500602A6152A200B7A823 /* QuestionView3.swift in Sources */,
				59A0F7852A6046120026527D /* OverlayView.swift in Sources */,
				59DA0CA22A65308F00FF4093 /* AddTodayScheduleView.swift in Sources */,
				5B5EF74D2A6556A1009B1069 /* SignInView.swift in Sources */,
				5B31FE182A61DBB000C69A5B /* PersonalDataPage.swift in Sources */,
				59DA0CA72A6639FE00FF4093 /* PersistenceController.swift in Sources */,
				285590D22A6006A1006D99C9 /* IntroView.swift in Sources */,
				077C95892A651D1C007E294D /* NotificationView.swift in Sources */,
				59A0F7902A6048930026527D /* Schedule.swift in Sources */,
				285590D42A6006BD006D99C9 /* Pageview.swift in Sources */,
				59A0F79E2A60509A0026527D /* ProfileView.swift in Sources */,
				285590EC2A6515A9006D99C9 /* QuestionResult3.swift in Sources */,
				59A0F7872A6046210026527D /* ScheduleView.swift in Sources */,
				59DA0CA02A6527D600FF4093 /* ContentView2.swift in Sources */,
				285590E82A651569006D99C9 /* QuestionResult1.swift in Sources */,
				59A0F7962A6049940026527D /* Data Controller.swift in Sources */,
				59A0F78E2A6047860026527D /* Nodetive Data.xcdatamodeld in Sources */,
				140500622A61561C00B7A823 /* QuestionView4.swift in Sources */,
				1D0E84822A623C8400A7AD08 /* OverviewNoQuizView.swift in Sources */,
				59A0F79A2A6050270026527D /* HomeView.swift in Sources */,
				1405004B2A5FE00E00B7A823 /* nodetive_collabApp.swift in Sources */,
				5B5EF7472A654D57009B1069 /* SignUpView.swift in Sources */,
				285590D02A600650006D99C9 /* introPage.swift in Sources */,
				1D0E84862A623D6400A7AD08 /* OverviewAfterQuizView.swift in Sources */,
			);
			runOnlyForDeploymentPostprocessing = 0;
		};
/* End PBXSourcesBuildPhase section */

/* Begin XCBuildConfiguration section */
		140500532A5FE01000B7A823 /* Debug */ = {
			isa = XCBuildConfiguration;
			buildSettings = {
				ALWAYS_SEARCH_USER_PATHS = NO;
				CLANG_ANALYZER_NONNULL = YES;
				CLANG_ANALYZER_NUMBER_OBJECT_CONVERSION = YES_AGGRESSIVE;
				CLANG_CXX_LANGUAGE_STANDARD = "gnu++20";
				CLANG_ENABLE_MODULES = YES;
				CLANG_ENABLE_OBJC_ARC = YES;
				CLANG_ENABLE_OBJC_WEAK = YES;
				CLANG_WARN_BLOCK_CAPTURE_AUTORELEASING = YES;
				CLANG_WARN_BOOL_CONVERSION = YES;
				CLANG_WARN_COMMA = YES;
				CLANG_WARN_CONSTANT_CONVERSION = YES;
				CLANG_WARN_DEPRECATED_OBJC_IMPLEMENTATIONS = YES;
				CLANG_WARN_DIRECT_OBJC_ISA_USAGE = YES_ERROR;
				CLANG_WARN_DOCUMENTATION_COMMENTS = YES;
				CLANG_WARN_EMPTY_BODY = YES;
				CLANG_WARN_ENUM_CONVERSION = YES;
				CLANG_WARN_INFINITE_RECURSION = YES;
				CLANG_WARN_INT_CONVERSION = YES;
				CLANG_WARN_NON_LITERAL_NULL_CONVERSION = YES;
				CLANG_WARN_OBJC_IMPLICIT_RETAIN_SELF = YES;
				CLANG_WARN_OBJC_LITERAL_CONVERSION = YES;
				CLANG_WARN_OBJC_ROOT_CLASS = YES_ERROR;
				CLANG_WARN_QUOTED_INCLUDE_IN_FRAMEWORK_HEADER = YES;
				CLANG_WARN_RANGE_LOOP_ANALYSIS = YES;
				CLANG_WARN_STRICT_PROTOTYPES = YES;
				CLANG_WARN_SUSPICIOUS_MOVE = YES;
				CLANG_WARN_UNGUARDED_AVAILABILITY = YES_AGGRESSIVE;
				CLANG_WARN_UNREACHABLE_CODE = YES;
				CLANG_WARN__DUPLICATE_METHOD_MATCH = YES;
				COPY_PHASE_STRIP = NO;
				DEBUG_INFORMATION_FORMAT = dwarf;
				ENABLE_STRICT_OBJC_MSGSEND = YES;
				ENABLE_TESTABILITY = YES;
				GCC_C_LANGUAGE_STANDARD = gnu11;
				GCC_DYNAMIC_NO_PIC = NO;
				GCC_NO_COMMON_BLOCKS = YES;
				GCC_OPTIMIZATION_LEVEL = 0;
				GCC_PREPROCESSOR_DEFINITIONS = (
					"DEBUG=1",
					"$(inherited)",
				);
				GCC_WARN_64_TO_32_BIT_CONVERSION = YES;
				GCC_WARN_ABOUT_RETURN_TYPE = YES_ERROR;
				GCC_WARN_UNDECLARED_SELECTOR = YES;
				GCC_WARN_UNINITIALIZED_AUTOS = YES_AGGRESSIVE;
				GCC_WARN_UNUSED_FUNCTION = YES;
				GCC_WARN_UNUSED_VARIABLE = YES;
				IPHONEOS_DEPLOYMENT_TARGET = 16.4;
				MTL_ENABLE_DEBUG_INFO = INCLUDE_SOURCE;
				MTL_FAST_MATH = YES;
				ONLY_ACTIVE_ARCH = YES;
				SDKROOT = iphoneos;
				SWIFT_ACTIVE_COMPILATION_CONDITIONS = DEBUG;
				SWIFT_OPTIMIZATION_LEVEL = "-Onone";
			};
			name = Debug;
		};
		140500542A5FE01000B7A823 /* Release */ = {
			isa = XCBuildConfiguration;
			buildSettings = {
				ALWAYS_SEARCH_USER_PATHS = NO;
				CLANG_ANALYZER_NONNULL = YES;
				CLANG_ANALYZER_NUMBER_OBJECT_CONVERSION = YES_AGGRESSIVE;
				CLANG_CXX_LANGUAGE_STANDARD = "gnu++20";
				CLANG_ENABLE_MODULES = YES;
				CLANG_ENABLE_OBJC_ARC = YES;
				CLANG_ENABLE_OBJC_WEAK = YES;
				CLANG_WARN_BLOCK_CAPTURE_AUTORELEASING = YES;
				CLANG_WARN_BOOL_CONVERSION = YES;
				CLANG_WARN_COMMA = YES;
				CLANG_WARN_CONSTANT_CONVERSION = YES;
				CLANG_WARN_DEPRECATED_OBJC_IMPLEMENTATIONS = YES;
				CLANG_WARN_DIRECT_OBJC_ISA_USAGE = YES_ERROR;
				CLANG_WARN_DOCUMENTATION_COMMENTS = YES;
				CLANG_WARN_EMPTY_BODY = YES;
				CLANG_WARN_ENUM_CONVERSION = YES;
				CLANG_WARN_INFINITE_RECURSION = YES;
				CLANG_WARN_INT_CONVERSION = YES;
				CLANG_WARN_NON_LITERAL_NULL_CONVERSION = YES;
				CLANG_WARN_OBJC_IMPLICIT_RETAIN_SELF = YES;
				CLANG_WARN_OBJC_LITERAL_CONVERSION = YES;
				CLANG_WARN_OBJC_ROOT_CLASS = YES_ERROR;
				CLANG_WARN_QUOTED_INCLUDE_IN_FRAMEWORK_HEADER = YES;
				CLANG_WARN_RANGE_LOOP_ANALYSIS = YES;
				CLANG_WARN_STRICT_PROTOTYPES = YES;
				CLANG_WARN_SUSPICIOUS_MOVE = YES;
				CLANG_WARN_UNGUARDED_AVAILABILITY = YES_AGGRESSIVE;
				CLANG_WARN_UNREACHABLE_CODE = YES;
				CLANG_WARN__DUPLICATE_METHOD_MATCH = YES;
				COPY_PHASE_STRIP = NO;
				DEBUG_INFORMATION_FORMAT = "dwarf-with-dsym";
				ENABLE_NS_ASSERTIONS = NO;
				ENABLE_STRICT_OBJC_MSGSEND = YES;
				GCC_C_LANGUAGE_STANDARD = gnu11;
				GCC_NO_COMMON_BLOCKS = YES;
				GCC_WARN_64_TO_32_BIT_CONVERSION = YES;
				GCC_WARN_ABOUT_RETURN_TYPE = YES_ERROR;
				GCC_WARN_UNDECLARED_SELECTOR = YES;
				GCC_WARN_UNINITIALIZED_AUTOS = YES_AGGRESSIVE;
				GCC_WARN_UNUSED_FUNCTION = YES;
				GCC_WARN_UNUSED_VARIABLE = YES;
				IPHONEOS_DEPLOYMENT_TARGET = 16.4;
				MTL_ENABLE_DEBUG_INFO = NO;
				MTL_FAST_MATH = YES;
				SDKROOT = iphoneos;
				SWIFT_COMPILATION_MODE = wholemodule;
				SWIFT_OPTIMIZATION_LEVEL = "-O";
				VALIDATE_PRODUCT = YES;
			};
			name = Release;
		};
		140500562A5FE01000B7A823 /* Debug */ = {
			isa = XCBuildConfiguration;
			buildSettings = {
				ASSETCATALOG_COMPILER_APPICON_NAME = AppIcon;
				ASSETCATALOG_COMPILER_GLOBAL_ACCENT_COLOR_NAME = AccentColor;
				CODE_SIGN_STYLE = Automatic;
				CURRENT_PROJECT_VERSION = 1;
				DEVELOPMENT_ASSET_PATHS = "\"nodetive_collab/Preview Content\"";
				DEVELOPMENT_TEAM = 748R5V5CD7;
				ENABLE_PREVIEWS = YES;
				GENERATE_INFOPLIST_FILE = YES;
				INFOPLIST_KEY_UIApplicationSceneManifest_Generation = YES;
				INFOPLIST_KEY_UIApplicationSupportsIndirectInputEvents = YES;
				INFOPLIST_KEY_UILaunchScreen_Generation = YES;
				INFOPLIST_KEY_UISupportedInterfaceOrientations_iPad = "UIInterfaceOrientationPortrait UIInterfaceOrientationPortraitUpsideDown UIInterfaceOrientationLandscapeLeft UIInterfaceOrientationLandscapeRight";
				INFOPLIST_KEY_UISupportedInterfaceOrientations_iPhone = "UIInterfaceOrientationPortrait UIInterfaceOrientationLandscapeLeft UIInterfaceOrientationLandscapeRight";
				LD_RUNPATH_SEARCH_PATHS = (
					"$(inherited)",
					"@executable_path/Frameworks",
				);
				MARKETING_VERSION = 1.0;
				PRODUCT_BUNDLE_IDENTIFIER = "averyona.nodetive-collab";
				PRODUCT_NAME = "$(TARGET_NAME)";
				SWIFT_EMIT_LOC_STRINGS = YES;
				SWIFT_VERSION = 5.0;
				TARGETED_DEVICE_FAMILY = "1,2";
			};
			name = Debug;
		};
		140500572A5FE01000B7A823 /* Release */ = {
			isa = XCBuildConfiguration;
			buildSettings = {
				ASSETCATALOG_COMPILER_APPICON_NAME = AppIcon;
				ASSETCATALOG_COMPILER_GLOBAL_ACCENT_COLOR_NAME = AccentColor;
				CODE_SIGN_STYLE = Automatic;
				CURRENT_PROJECT_VERSION = 1;
				DEVELOPMENT_ASSET_PATHS = "\"nodetive_collab/Preview Content\"";
				DEVELOPMENT_TEAM = 748R5V5CD7;
				ENABLE_PREVIEWS = YES;
				GENERATE_INFOPLIST_FILE = YES;
				INFOPLIST_KEY_UIApplicationSceneManifest_Generation = YES;
				INFOPLIST_KEY_UIApplicationSupportsIndirectInputEvents = YES;
				INFOPLIST_KEY_UILaunchScreen_Generation = YES;
				INFOPLIST_KEY_UISupportedInterfaceOrientations_iPad = "UIInterfaceOrientationPortrait UIInterfaceOrientationPortraitUpsideDown UIInterfaceOrientationLandscapeLeft UIInterfaceOrientationLandscapeRight";
				INFOPLIST_KEY_UISupportedInterfaceOrientations_iPhone = "UIInterfaceOrientationPortrait UIInterfaceOrientationLandscapeLeft UIInterfaceOrientationLandscapeRight";
				LD_RUNPATH_SEARCH_PATHS = (
					"$(inherited)",
					"@executable_path/Frameworks",
				);
				MARKETING_VERSION = 1.0;
				PRODUCT_BUNDLE_IDENTIFIER = "averyona.nodetive-collab";
				PRODUCT_NAME = "$(TARGET_NAME)";
				SWIFT_EMIT_LOC_STRINGS = YES;
				SWIFT_VERSION = 5.0;
				TARGETED_DEVICE_FAMILY = "1,2";
			};
			name = Release;
		};
/* End XCBuildConfiguration section */

/* Begin XCConfigurationList section */
		140500422A5FE00E00B7A823 /* Build configuration list for PBXProject "nodetive_collab" */ = {
			isa = XCConfigurationList;
			buildConfigurations = (
				140500532A5FE01000B7A823 /* Debug */,
				140500542A5FE01000B7A823 /* Release */,
			);
			defaultConfigurationIsVisible = 0;
			defaultConfigurationName = Release;
		};
		140500552A5FE01000B7A823 /* Build configuration list for PBXNativeTarget "nodetive_collab" */ = {
			isa = XCConfigurationList;
			buildConfigurations = (
				140500562A5FE01000B7A823 /* Debug */,
				140500572A5FE01000B7A823 /* Release */,
			);
			defaultConfigurationIsVisible = 0;
			defaultConfigurationName = Release;
		};
/* End XCConfigurationList section */

/* Begin XCVersionGroup section */
		59A0F78C2A6047860026527D /* Nodetive Data.xcdatamodeld */ = {
			isa = XCVersionGroup;
			children = (
				59A0F78D2A6047860026527D /* Nodetive Data.xcdatamodel */,
			);
			currentVersion = 59A0F78D2A6047860026527D /* Nodetive Data.xcdatamodel */;
			path = "Nodetive Data.xcdatamodeld";
			sourceTree = "<group>";
			versionGroupType = wrapper.xcdatamodel;
		};
/* End XCVersionGroup section */
	};
	rootObject = 1405003F2A5FE00E00B7A823 /* Project object */;
}
